
Microsoft Visual Studio Solution File, Format Version 11.00
# Visual Studio 2010
Project("{2150E333-8FDC-42A3-9474-1A3956D46DE8}") = "Application", "Application", "{453E8B45-DD93-4475-8708-F9B01260A18C}"
EndProject
Project("{FAE04EC0-301F-11D3-BF4B-00C04F79EFBC}") = "bit.projects.iphone.chromatic-tuner", "bit.projects.iphone.chromatic-tuner\bit.projects.iphone.chromatic-tuner.csproj", "{8E748613-6E58-497C-93B0-0BE5F31077C5}"
EndProject
Project("{FAE04EC0-301F-11D3-BF4B-00C04F79EFBC}") = "bit.projects.iphone.chromatic-tuner.model", "bit.projects.iphone.chromatic-tuner.model\bit.projects.iphone.chromatic-tuner.model.csproj", "{7038C5C9-CB57-4F2A-B79F-AF6E5812066E}"
EndProject
Project("{2150E333-8FDC-42A3-9474-1A3956D46DE8}") = "Dependencies", "Dependencies", "{42047240-F086-4AED-9AFE-677CBFAE04BC}"
EndProject
Project("{FAE04EC0-301F-11D3-BF4B-00C04F79EFBC}") = "bit.shared.ios.audio-mt", "..\bit.shared.ios.audio\bit.shared.ios.audio-mt.csproj", "{77ABE78A-6A9F-42BB-B26D-DD652C5815BB}"
EndProject
Project("{FAE04EC0-301F-11D3-BF4B-00C04F79EFBC}") = "bit.shared.numerics-mt", "..\bit.shared.numerics\bit.shared.numerics-mt.csproj", "{A76EB6D1-4AEA-43E6-AB39-B0D7C3F38212}"
EndProject
Project("{FAE04EC0-301F-11D3-BF4B-00C04F79EFBC}") = "bit.shared.logging-mt", "..\bit.shared.logging\bit.shared.logging-mt.csproj", "{3F6055D8-8C77-441C-8788-97B9CC912E82}"
EndProject
Project("{FAE04EC0-301F-11D3-BF4B-00C04F79EFBC}") = "bit.shared.audio-mt", "..\bit.shared.audio\bit.shared.audio-mt.csproj", "{D0001DA0-80DE-4077-8C01-1A2017FFE0AA}"
EndProject
Project("{FAE04EC0-301F-11D3-BF4B-00C04F79EFBC}") = "bit.shared.appconfig-mt", "..\bit.shared.appconfig\bit.shared.appconfig-mt.csproj", "{A4802B35-2918-4A99-8B93-08C12B1DB3DC}"
EndProject
Project("{FAE04EC0-301F-11D3-BF4B-00C04F79EFBC}") = "SQLite-mt", "..\..\third_party\sqlite-net\SQLite-mt.csproj", "{4CF3933E-9BD6-41AC-B0C8-FC37843E6F72}"
EndProject
Project("{FAE04EC0-301F-11D3-BF4B-00C04F79EFBC}") = "bit.shared.ios.msgbus-mt", "..\bit.shared.ios.msgbus\bit.shared.ios.msgbus-mt.csproj", "{59C250AC-36C4-4093-82A6-29983389B07B}"
EndProject
Project("{2150E333-8FDC-42A3-9474-1A3956D46DE8}") = "Tests", "Tests", "{514BF29D-47B4-44D3-B4DF-730F210041CE}"
EndProject
Project("{FAE04EC0-301F-11D3-BF4B-00C04F79EFBC}") = "bit.projects.iphone.chromatic-tuner.testrunner", "bit.projects.iphone.chromatic-tuner.testrunner\bit.projects.iphone.chromatic-tuner.testrunner.csproj", "{E632912C-3E3D-4A7A-9857-FBC4893002B4}"
EndProject
Global
	GlobalSection(SolutionConfigurationPlatforms) = preSolution
		Debug|iPhoneSimulator = Debug|iPhoneSimulator
		Release|iPhoneSimulator = Release|iPhoneSimulator
		Debug|iPhone = Debug|iPhone
		Release|iPhone = Release|iPhone
		Ad-Hoc|iPhone = Ad-Hoc|iPhone
		AppStore|iPhone = AppStore|iPhone
	EndGlobalSection
	GlobalSection(ProjectConfigurationPlatforms) = postSolution
		{3F6055D8-8C77-441C-8788-97B9CC912E82}.Ad-Hoc|iPhone.ActiveCfg = Release|Any CPU
		{3F6055D8-8C77-441C-8788-97B9CC912E82}.Ad-Hoc|iPhone.Build.0 = Release|Any CPU
		{3F6055D8-8C77-441C-8788-97B9CC912E82}.AppStore|iPhone.ActiveCfg = Release|Any CPU
		{3F6055D8-8C77-441C-8788-97B9CC912E82}.AppStore|iPhone.Build.0 = Release|Any CPU
		{3F6055D8-8C77-441C-8788-97B9CC912E82}.Debug|iPhone.ActiveCfg = Debug|Any CPU
		{3F6055D8-8C77-441C-8788-97B9CC912E82}.Debug|iPhone.Build.0 = Debug|Any CPU
		{3F6055D8-8C77-441C-8788-97B9CC912E82}.Debug|iPhoneSimulator.ActiveCfg = Debug|Any CPU
		{3F6055D8-8C77-441C-8788-97B9CC912E82}.Debug|iPhoneSimulator.Build.0 = Debug|Any CPU
		{3F6055D8-8C77-441C-8788-97B9CC912E82}.Release|iPhone.ActiveCfg = Release|Any CPU
		{3F6055D8-8C77-441C-8788-97B9CC912E82}.Release|iPhone.Build.0 = Release|Any CPU
		{3F6055D8-8C77-441C-8788-97B9CC912E82}.Release|iPhoneSimulator.ActiveCfg = Release|Any CPU
		{3F6055D8-8C77-441C-8788-97B9CC912E82}.Release|iPhoneSimulator.Build.0 = Release|Any CPU
		{4CF3933E-9BD6-41AC-B0C8-FC37843E6F72}.Ad-Hoc|iPhone.ActiveCfg = Release|Any CPU
		{4CF3933E-9BD6-41AC-B0C8-FC37843E6F72}.Ad-Hoc|iPhone.Build.0 = Release|Any CPU
		{4CF3933E-9BD6-41AC-B0C8-FC37843E6F72}.AppStore|iPhone.ActiveCfg = Release|Any CPU
		{4CF3933E-9BD6-41AC-B0C8-FC37843E6F72}.AppStore|iPhone.Build.0 = Release|Any CPU
		{4CF3933E-9BD6-41AC-B0C8-FC37843E6F72}.Debug|iPhone.ActiveCfg = Debug|Any CPU
		{4CF3933E-9BD6-41AC-B0C8-FC37843E6F72}.Debug|iPhone.Build.0 = Debug|Any CPU
		{4CF3933E-9BD6-41AC-B0C8-FC37843E6F72}.Debug|iPhoneSimulator.ActiveCfg = Debug|Any CPU
		{4CF3933E-9BD6-41AC-B0C8-FC37843E6F72}.Debug|iPhoneSimulator.Build.0 = Debug|Any CPU
		{4CF3933E-9BD6-41AC-B0C8-FC37843E6F72}.Release|iPhone.ActiveCfg = Release|Any CPU
		{4CF3933E-9BD6-41AC-B0C8-FC37843E6F72}.Release|iPhone.Build.0 = Release|Any CPU
		{4CF3933E-9BD6-41AC-B0C8-FC37843E6F72}.Release|iPhoneSimulator.ActiveCfg = Release|Any CPU
		{4CF3933E-9BD6-41AC-B0C8-FC37843E6F72}.Release|iPhoneSimulator.Build.0 = Release|Any CPU
		{59C250AC-36C4-4093-82A6-29983389B07B}.Ad-Hoc|iPhone.ActiveCfg = Release|Any CPU
		{59C250AC-36C4-4093-82A6-29983389B07B}.Ad-Hoc|iPhone.Build.0 = Release|Any CPU
		{59C250AC-36C4-4093-82A6-29983389B07B}.AppStore|iPhone.ActiveCfg = Release|Any CPU
		{59C250AC-36C4-4093-82A6-29983389B07B}.AppStore|iPhone.Build.0 = Release|Any CPU
		{59C250AC-36C4-4093-82A6-29983389B07B}.Debug|iPhone.ActiveCfg = Debug|Any CPU
		{59C250AC-36C4-4093-82A6-29983389B07B}.Debug|iPhone.Build.0 = Debug|Any CPU
		{59C250AC-36C4-4093-82A6-29983389B07B}.Debug|iPhoneSimulator.ActiveCfg = Debug|Any CPU
		{59C250AC-36C4-4093-82A6-29983389B07B}.Debug|iPhoneSimulator.Build.0 = Debug|Any CPU
		{59C250AC-36C4-4093-82A6-29983389B07B}.Release|iPhone.ActiveCfg = Release|Any CPU
		{59C250AC-36C4-4093-82A6-29983389B07B}.Release|iPhone.Build.0 = Release|Any CPU
		{59C250AC-36C4-4093-82A6-29983389B07B}.Release|iPhoneSimulator.ActiveCfg = Release|Any CPU
		{59C250AC-36C4-4093-82A6-29983389B07B}.Release|iPhoneSimulator.Build.0 = Release|Any CPU
		{7038C5C9-CB57-4F2A-B79F-AF6E5812066E}.Ad-Hoc|iPhone.ActiveCfg = Release|Any CPU
		{7038C5C9-CB57-4F2A-B79F-AF6E5812066E}.Ad-Hoc|iPhone.Build.0 = Release|Any CPU
		{7038C5C9-CB57-4F2A-B79F-AF6E5812066E}.AppStore|iPhone.ActiveCfg = Release|Any CPU
		{7038C5C9-CB57-4F2A-B79F-AF6E5812066E}.AppStore|iPhone.Build.0 = Release|Any CPU
		{7038C5C9-CB57-4F2A-B79F-AF6E5812066E}.Debug|iPhone.ActiveCfg = Debug|Any CPU
		{7038C5C9-CB57-4F2A-B79F-AF6E5812066E}.Debug|iPhone.Build.0 = Debug|Any CPU
		{7038C5C9-CB57-4F2A-B79F-AF6E5812066E}.Debug|iPhoneSimulator.ActiveCfg = Debug|Any CPU
		{7038C5C9-CB57-4F2A-B79F-AF6E5812066E}.Debug|iPhoneSimulator.Build.0 = Debug|Any CPU
		{7038C5C9-CB57-4F2A-B79F-AF6E5812066E}.Release|iPhone.ActiveCfg = Release|Any CPU
		{7038C5C9-CB57-4F2A-B79F-AF6E5812066E}.Release|iPhone.Build.0 = Release|Any CPU
		{7038C5C9-CB57-4F2A-B79F-AF6E5812066E}.Release|iPhoneSimulator.ActiveCfg = Release|Any CPU
		{7038C5C9-CB57-4F2A-B79F-AF6E5812066E}.Release|iPhoneSimulator.Build.0 = Release|Any CPU
		{77ABE78A-6A9F-42BB-B26D-DD652C5815BB}.Ad-Hoc|iPhone.ActiveCfg = Release|Any CPU
		{77ABE78A-6A9F-42BB-B26D-DD652C5815BB}.Ad-Hoc|iPhone.Build.0 = Release|Any CPU
		{77ABE78A-6A9F-42BB-B26D-DD652C5815BB}.AppStore|iPhone.ActiveCfg = Release|Any CPU
		{77ABE78A-6A9F-42BB-B26D-DD652C5815BB}.AppStore|iPhone.Build.0 = Release|Any CPU
		{77ABE78A-6A9F-42BB-B26D-DD652C5815BB}.Debug|iPhone.ActiveCfg = Debug|Any CPU
		{77ABE78A-6A9F-42BB-B26D-DD652C5815BB}.Debug|iPhone.Build.0 = Debug|Any CPU
		{77ABE78A-6A9F-42BB-B26D-DD652C5815BB}.Debug|iPhoneSimulator.ActiveCfg = Debug|Any CPU
		{77ABE78A-6A9F-42BB-B26D-DD652C5815BB}.Debug|iPhoneSimulator.Build.0 = Debug|Any CPU
		{77ABE78A-6A9F-42BB-B26D-DD652C5815BB}.Release|iPhone.ActiveCfg = Release|Any CPU
		{77ABE78A-6A9F-42BB-B26D-DD652C5815BB}.Release|iPhone.Build.0 = Release|Any CPU
		{77ABE78A-6A9F-42BB-B26D-DD652C5815BB}.Release|iPhoneSimulator.ActiveCfg = Release|Any CPU
		{77ABE78A-6A9F-42BB-B26D-DD652C5815BB}.Release|iPhoneSimulator.Build.0 = Release|Any CPU
		{8E748613-6E58-497C-93B0-0BE5F31077C5}.Ad-Hoc|iPhone.ActiveCfg = Ad-Hoc|iPhone
		{8E748613-6E58-497C-93B0-0BE5F31077C5}.Ad-Hoc|iPhone.Build.0 = Ad-Hoc|iPhone
		{8E748613-6E58-497C-93B0-0BE5F31077C5}.AppStore|iPhone.ActiveCfg = AppStore|iPhone
		{8E748613-6E58-497C-93B0-0BE5F31077C5}.AppStore|iPhone.Build.0 = AppStore|iPhone
		{8E748613-6E58-497C-93B0-0BE5F31077C5}.Debug|iPhone.ActiveCfg = Debug|iPhone
		{8E748613-6E58-497C-93B0-0BE5F31077C5}.Debug|iPhone.Build.0 = Debug|iPhone
		{8E748613-6E58-497C-93B0-0BE5F31077C5}.Debug|iPhoneSimulator.ActiveCfg = Debug|iPhoneSimulator
		{8E748613-6E58-497C-93B0-0BE5F31077C5}.Debug|iPhoneSimulator.Build.0 = Debug|iPhoneSimulator
		{8E748613-6E58-497C-93B0-0BE5F31077C5}.Release|iPhone.ActiveCfg = Release|iPhone
		{8E748613-6E58-497C-93B0-0BE5F31077C5}.Release|iPhone.Build.0 = Release|iPhone
		{8E748613-6E58-497C-93B0-0BE5F31077C5}.Release|iPhoneSimulator.ActiveCfg = Release|iPhoneSimulator
		{8E748613-6E58-497C-93B0-0BE5F31077C5}.Release|iPhoneSimulator.Build.0 = Release|iPhoneSimulator
		{A4802B35-2918-4A99-8B93-08C12B1DB3DC}.Ad-Hoc|iPhone.ActiveCfg = Release|Any CPU
		{A4802B35-2918-4A99-8B93-08C12B1DB3DC}.Ad-Hoc|iPhone.Build.0 = Release|Any CPU
		{A4802B35-2918-4A99-8B93-08C12B1DB3DC}.AppStore|iPhone.ActiveCfg = Release|Any CPU
		{A4802B35-2918-4A99-8B93-08C12B1DB3DC}.AppStore|iPhone.Build.0 = Release|Any CPU
		{A4802B35-2918-4A99-8B93-08C12B1DB3DC}.Debug|iPhone.ActiveCfg = Debug|Any CPU
		{A4802B35-2918-4A99-8B93-08C12B1DB3DC}.Debug|iPhone.Build.0 = Debug|Any CPU
		{A4802B35-2918-4A99-8B93-08C12B1DB3DC}.Debug|iPhoneSimulator.ActiveCfg = Debug|Any CPU
		{A4802B35-2918-4A99-8B93-08C12B1DB3DC}.Debug|iPhoneSimulator.Build.0 = Debug|Any CPU
		{A4802B35-2918-4A99-8B93-08C12B1DB3DC}.Release|iPhone.ActiveCfg = Release|Any CPU
		{A4802B35-2918-4A99-8B93-08C12B1DB3DC}.Release|iPhone.Build.0 = Release|Any CPU
		{A4802B35-2918-4A99-8B93-08C12B1DB3DC}.Release|iPhoneSimulator.ActiveCfg = Release|Any CPU
		{A4802B35-2918-4A99-8B93-08C12B1DB3DC}.Release|iPhoneSimulator.Build.0 = Release|Any CPU
		{A76EB6D1-4AEA-43E6-AB39-B0D7C3F38212}.Ad-Hoc|iPhone.ActiveCfg = Release|Any CPU
		{A76EB6D1-4AEA-43E6-AB39-B0D7C3F38212}.Ad-Hoc|iPhone.Build.0 = Release|Any CPU
		{A76EB6D1-4AEA-43E6-AB39-B0D7C3F38212}.AppStore|iPhone.ActiveCfg = Release|Any CPU
		{A76EB6D1-4AEA-43E6-AB39-B0D7C3F38212}.AppStore|iPhone.Build.0 = Release|Any CPU
		{A76EB6D1-4AEA-43E6-AB39-B0D7C3F38212}.Debug|iPhone.ActiveCfg = Debug|Any CPU
		{A76EB6D1-4AEA-43E6-AB39-B0D7C3F38212}.Debug|iPhone.Build.0 = Debug|Any CPU
		{A76EB6D1-4AEA-43E6-AB39-B0D7C3F38212}.Debug|iPhoneSimulator.ActiveCfg = Debug|Any CPU
		{A76EB6D1-4AEA-43E6-AB39-B0D7C3F38212}.Debug|iPhoneSimulator.Build.0 = Debug|Any CPU
		{A76EB6D1-4AEA-43E6-AB39-B0D7C3F38212}.Release|iPhone.ActiveCfg = Release|Any CPU
		{A76EB6D1-4AEA-43E6-AB39-B0D7C3F38212}.Release|iPhone.Build.0 = Release|Any CPU
		{A76EB6D1-4AEA-43E6-AB39-B0D7C3F38212}.Release|iPhoneSimulator.ActiveCfg = Release|Any CPU
		{A76EB6D1-4AEA-43E6-AB39-B0D7C3F38212}.Release|iPhoneSimulator.Build.0 = Release|Any CPU
		{D0001DA0-80DE-4077-8C01-1A2017FFE0AA}.Ad-Hoc|iPhone.ActiveCfg = Release|Any CPU
		{D0001DA0-80DE-4077-8C01-1A2017FFE0AA}.Ad-Hoc|iPhone.Build.0 = Release|Any CPU
		{D0001DA0-80DE-4077-8C01-1A2017FFE0AA}.AppStore|iPhone.ActiveCfg = Release|Any CPU
		{D0001DA0-80DE-4077-8C01-1A2017FFE0AA}.AppStore|iPhone.Build.0 = Release|Any CPU
		{D0001DA0-80DE-4077-8C01-1A2017FFE0AA}.Debug|iPhone.ActiveCfg = Debug|Any CPU
		{D0001DA0-80DE-4077-8C01-1A2017FFE0AA}.Debug|iPhone.Build.0 = Debug|Any CPU
		{D0001DA0-80DE-4077-8C01-1A2017FFE0AA}.Debug|iPhoneSimulator.ActiveCfg = Debug|Any CPU
		{D0001DA0-80DE-4077-8C01-1A2017FFE0AA}.Debug|iPhoneSimulator.Build.0 = Debug|Any CPU
		{D0001DA0-80DE-4077-8C01-1A2017FFE0AA}.Release|iPhone.ActiveCfg = Release|Any CPU
		{D0001DA0-80DE-4077-8C01-1A2017FFE0AA}.Release|iPhone.Build.0 = Release|Any CPU
		{D0001DA0-80DE-4077-8C01-1A2017FFE0AA}.Release|iPhoneSimulator.ActiveCfg = Release|Any CPU
		{D0001DA0-80DE-4077-8C01-1A2017FFE0AA}.Release|iPhoneSimulator.Build.0 = Release|Any CPU
		{E632912C-3E3D-4A7A-9857-FBC4893002B4}.Ad-Hoc|iPhone.ActiveCfg = Ad-Hoc|iPhone
		{E632912C-3E3D-4A7A-9857-FBC4893002B4}.Ad-Hoc|iPhone.Build.0 = Ad-Hoc|iPhone
		{E632912C-3E3D-4A7A-9857-FBC4893002B4}.AppStore|iPhone.ActiveCfg = AppStore|iPhone
		{E632912C-3E3D-4A7A-9857-FBC4893002B4}.AppStore|iPhone.Build.0 = AppStore|iPhone
		{E632912C-3E3D-4A7A-9857-FBC4893002B4}.Debug|iPhone.ActiveCfg = Debug|iPhone
		{E632912C-3E3D-4A7A-9857-FBC4893002B4}.Debug|iPhone.Build.0 = Debug|iPhone
		{E632912C-3E3D-4A7A-9857-FBC4893002B4}.Debug|iPhoneSimulator.ActiveCfg = Debug|iPhoneSimulator
		{E632912C-3E3D-4A7A-9857-FBC4893002B4}.Debug|iPhoneSimulator.Build.0 = Debug|iPhoneSimulator
		{E632912C-3E3D-4A7A-9857-FBC4893002B4}.Release|iPhone.ActiveCfg = Release|iPhone
		{E632912C-3E3D-4A7A-9857-FBC4893002B4}.Release|iPhone.Build.0 = Release|iPhone
		{E632912C-3E3D-4A7A-9857-FBC4893002B4}.Release|iPhoneSimulator.ActiveCfg = Release|iPhoneSimulator
		{E632912C-3E3D-4A7A-9857-FBC4893002B4}.Release|iPhoneSimulator.Build.0 = Release|iPhoneSimulator
	EndGlobalSection
	GlobalSection(NestedProjects) = preSolution
		{8E748613-6E58-497C-93B0-0BE5F31077C5} = {453E8B45-DD93-4475-8708-F9B01260A18C}
		{7038C5C9-CB57-4F2A-B79F-AF6E5812066E} = {453E8B45-DD93-4475-8708-F9B01260A18C}
		{77ABE78A-6A9F-42BB-B26D-DD652C5815BB} = {42047240-F086-4AED-9AFE-677CBFAE04BC}
		{A76EB6D1-4AEA-43E6-AB39-B0D7C3F38212} = {42047240-F086-4AED-9AFE-677CBFAE04BC}
		{3F6055D8-8C77-441C-8788-97B9CC912E82} = {42047240-F086-4AED-9AFE-677CBFAE04BC}
		{D0001DA0-80DE-4077-8C01-1A2017FFE0AA} = {42047240-F086-4AED-9AFE-677CBFAE04BC}
		{A4802B35-2918-4A99-8B93-08C12B1DB3DC} = {42047240-F086-4AED-9AFE-677CBFAE04BC}
		{4CF3933E-9BD6-41AC-B0C8-FC37843E6F72} = {42047240-F086-4AED-9AFE-677CBFAE04BC}
		{59C250AC-36C4-4093-82A6-29983389B07B} = {42047240-F086-4AED-9AFE-677CBFAE04BC}
		{E632912C-3E3D-4A7A-9857-FBC4893002B4} = {514BF29D-47B4-44D3-B4DF-730F210041CE}
	EndGlobalSection
	GlobalSection(MonoDevelopProperties) = preSolution
		StartupItem = bit.projects.iphone.chromatic-tuner\bit.projects.iphone.chromatic-tuner.csproj
		version = 1.0
	EndGlobalSection
EndGlobal
